// !$*UTF8*$!
{
	archiveVersion = 1;
	classes = {
	};
	objectVersion = 56;
	objects = {

/* Begin PBXBuildFile section */
		AA2200000000000000000001 /* EquiSenseLiteRecorderApp.swift in Sources */ = {isa = PBXBuildFile; fileRef = AA1100000000000000000001 /* EquiSenseLiteRecorderApp.swift */; };
		AA2200000000000000000002 /* ContentView.swift in Sources */ = {isa = PBXBuildFile; fileRef = AA1100000000000000000002 /* ContentView.swift */; };
		AA2200000000000000000003 /* SettingsView.swift in Sources */ = {isa = PBXBuildFile; fileRef = AA1100000000000000000004 /* SettingsView.swift */; };
		AA2200000000000000000004 /* HorseSessionView.swift in Sources */ = {isa = PBXBuildFile; fileRef = AA1100000000000000000005 /* HorseSessionView.swift */; };
		AA2200000000000000000005 /* RecordingView.swift in Sources */ = {isa = PBXBuildFile; fileRef = AA1100000000000000000006 /* RecordingView.swift */; };
		AA2200000000000000000006 /* UploadView.swift in Sources */ = {isa = PBXBuildFile; fileRef = AA1100000000000000000007 /* UploadView.swift */; };
		AA2200000000000000000007 /* AppSettings.swift in Sources */ = {isa = PBXBuildFile; fileRef = AA1100000000000000000008 /* AppSettings.swift */; };
		AA2200000000000000000008 /* SensorSample.swift in Sources */ = {isa = PBXBuildFile; fileRef = AA1100000000000000000009 /* SensorSample.swift */; };
		AA2200000000000000000009 /* APIModels.swift in Sources */ = {isa = PBXBuildFile; fileRef = AA110000000000000000000A /* APIModels.swift */; };
		AA220000000000000000000A /* MotionManager.swift in Sources */ = {isa = PBXBuildFile; fileRef = AA110000000000000000000B /* MotionManager.swift */; };
		AA220000000000000000000B /* APIClient.swift in Sources */ = {isa = PBXBuildFile; fileRef = AA110000000000000000000C /* APIClient.swift */; };
		AA220000000000000000000C /* RecordingStore.swift in Sources */ = {isa = PBXBuildFile; fileRef = AA110000000000000000000D /* RecordingStore.swift */; };
/* End PBXBuildFile section */

/* Begin PBXFileReference section */
		AA1100000000000000000001 /* EquiSenseLiteRecorderApp.swift */ = {isa = PBXFileReference; lastKnownFileType = sourcecode.swift; path = EquiSenseLiteRecorderApp.swift; sourceTree = "<group>"; };
		AA1100000000000000000002 /* ContentView.swift */ = {isa = PBXFileReference; lastKnownFileType = sourcecode.swift; path = ContentView.swift; sourceTree = "<group>"; };
		AA1100000000000000000003 /* Info.plist */ = {isa = PBXFileReference; lastKnownFileType = text.plist.xml; path = Info.plist; sourceTree = "<group>"; };
		AA1100000000000000000004 /* SettingsView.swift */ = {isa = PBXFileReference; lastKnownFileType = sourcecode.swift; path = SettingsView.swift; sourceTree = "<group>"; };
		AA1100000000000000000005 /* HorseSessionView.swift */ = {isa = PBXFileReference; lastKnownFileType = sourcecode.swift; path = HorseSessionView.swift; sourceTree = "<group>"; };
		AA1100000000000000000006 /* RecordingView.swift */ = {isa = PBXFileReference; lastKnownFileType = sourcecode.swift; path = RecordingView.swift; sourceTree = "<group>"; };
		AA1100000000000000000007 /* UploadView.swift */ = {isa = PBXFileReference; lastKnownFileType = sourcecode.swift; path = UploadView.swift; sourceTree = "<group>"; };
		AA1100000000000000000008 /* AppSettings.swift */ = {isa = PBXFileReference; lastKnownFileType = sourcecode.swift; path = AppSettings.swift; sourceTree = "<group>"; };
		AA1100000000000000000009 /* SensorSample.swift */ = {isa = PBXFileReference; lastKnownFileType = sourcecode.swift; path = SensorSample.swift; sourceTree = "<group>"; };
		AA110000000000000000000A /* APIModels.swift */ = {isa = PBXFileReference; lastKnownFileType = sourcecode.swift; path = APIModels.swift; sourceTree = "<group>"; };
		AA110000000000000000000B /* MotionManager.swift */ = {isa = PBXFileReference; lastKnownFileType = sourcecode.swift; path = MotionManager.swift; sourceTree = "<group>"; };
		AA110000000000000000000C /* APIClient.swift */ = {isa = PBXFileReference; lastKnownFileType = sourcecode.swift; path = APIClient.swift; sourceTree = "<group>"; };
		AA110000000000000000000D /* RecordingStore.swift */ = {isa = PBXFileReference; lastKnownFileType = sourcecode.swift; path = RecordingStore.swift; sourceTree = "<group>"; };
		AA110000000000000000000E /* EquiSenseLiteRecorder.app */ = {isa = PBXFileReference; explicitFileType = wrapper.application; includeInIndex = 0; path = EquiSenseLiteRecorder.app; sourceTree = BUILT_PRODUCTS_DIR; };
/* End PBXFileReference section */

/* Begin PBXFrameworksBuildPhase section */
		AA6600000000000000000002 /* Frameworks */ = {
			isa = PBXFrameworksBuildPhase;
			buildActionMask = 2147483647;
			files = (
			);
			runOnlyForDeploymentPostprocessing = 0;
		};
/* End PBXFrameworksBuildPhase section */

/* Begin PBXGroup section */
		AA3300000000000000000001 /* main group */ = {
			isa = PBXGroup;
			children = (
				AA3300000000000000000002 /* EquiSenseLiteRecorder */,
				AA3300000000000000000006 /* Products */,
			);
			sourceTree = "<group>";
		};
		AA3300000000000000000002 /* EquiSenseLiteRecorder */ = {
			isa = PBXGroup;
			children = (
				AA1100000000000000000001 /* EquiSenseLiteRecorderApp.swift */,
				AA1100000000000000000002 /* ContentView.swift */,
				AA1100000000000000000003 /* Info.plist */,
				AA3300000000000000000003 /* Views */,
				AA3300000000000000000004 /* Models */,
				AA3300000000000000000005 /* Services */,
			);
			path = EquiSenseLiteRecorder;
			sourceTree = "<group>";
		};
		AA3300000000000000000003 /* Views */ = {
			isa = PBXGroup;
			children = (
				AA1100000000000000000004 /* SettingsView.swift */,
				AA1100000000000000000005 /* HorseSessionView.swift */,
				AA1100000000000000000006 /* RecordingView.swift */,
				AA1100000000000000000007 /* UploadView.swift */,
			);
			path = Views;
			sourceTree = "<group>";
		};
		AA3300000000000000000004 /* Models */ = {
			isa = PBXGroup;
			children = (
				AA1100000000000000000008 /* AppSettings.swift */,
				AA1100000000000000000009 /* SensorSample.swift */,
				AA110000000000000000000A /* APIModels.swift */,
			);
			path = Models;
			sourceTree = "<group>";
		};
		AA3300000000000000000005 /* Services */ = {
			isa = PBXGroup;
			children = (
				AA110000000000000000000B /* MotionManager.swift */,
				AA110000000000000000000C /* APIClient.swift */,
				AA110000000000000000000D /* RecordingStore.swift */,
			);
			path = Services;
			sourceTree = "<group>";
		};
		AA3300000000000000000006 /* Products */ = {
			isa = PBXGroup;
			children = (
				AA110000000000000000000E /* EquiSenseLiteRecorder.app */,
			);
			name = Products;
			sourceTree = "<group>";
		};
/* End PBXGroup section */

/* Begin PBXNativeTarget section */
		AA4400000000000000000001 /* EquiSenseLiteRecorder */ = {
			isa = PBXNativeTarget;
			buildConfigurationList = AA8800000000000000000002 /* Build configuration list for PBXNativeTarget "EquiSenseLiteRecorder" */;
			buildPhases = (
				AA6600000000000000000001 /* Sources */,
				AA6600000000000000000002 /* Frameworks */,
				AA6600000000000000000003 /* Resources */,
			);
			buildRules = (
			);
			dependencies = (
			);
			name = EquiSenseLiteRecorder;
			productName = EquiSenseLiteRecorder;
			productReference = AA110000000000000000000E /* EquiSenseLiteRecorder.app */;
			productType = "com.apple.product-type.application";
		};
/* End PBXNativeTarget section */

/* Begin PBXProject section */
		AA5500000000000000000001 /* Project object */ = {
			isa = PBXProject;
			attributes = {
				BuildIndependentTargetsInParallel = 1;
				LastSwiftUpdateCheck = 1500;
				LastUpgradeCheck = 1500;
				TargetAttributes = {
					AA4400000000000000000001 = {
						CreatedOnToolsVersion = 15.0;
					};
				};
			};
			buildConfigurationList = AA8800000000000000000001 /* Build configuration list for PBXProject "EquiSenseLiteRecorder" */;
			compatibilityVersion = "Xcode 14.0";
			developmentRegion = en;
			hasScannedForEncodings = 0;
			knownRegions = (
				en,
				Base,
			);
			mainGroup = AA3300000000000000000001 /* main group */;
			productRefGroup = AA3300000000000000000006 /* Products */;
			projectDirPath = "";
			projectRoot = "";
			targets = (
				AA4400000000000000000001 /* EquiSenseLiteRecorder */,
			);
		};
/* End PBXProject section */

/* Begin PBXResourcesBuildPhase section */
		AA6600000000000000000003 /* Resources */ = {
			isa = PBXResourcesBuildPhase;
			buildActionMask = 2147483647;
			files = (
			);
			runOnlyForDeploymentPostprocessing = 0;
		};
/* End PBXResourcesBuildPhase section */

/* Begin PBXSourcesBuildPhase section */
		AA6600000000000000000001 /* Sources */ = {
			isa = PBXSourcesBuildPhase;
			buildActionMask = 2147483647;
			files = (
				AA2200000000000000000001 /* EquiSenseLiteRecorderApp.swift in Sources */,
				AA2200000000000000000002 /* ContentView.swift in Sources */,
				AA2200000000000000000003 /* SettingsView.swift in Sources */,
				AA2200000000000000000004 /* HorseSessionView.swift in Sources */,
				AA2200000000000000000005 /* RecordingView.swift in Sources */,
				AA2200000000000000000006 /* UploadView.swift in Sources */,
				AA2200000000000000000007 /* AppSettings.swift in Sources */,
				AA2200000000000000000008 /* SensorSample.swift in Sources */,
				AA2200000000000000000009 /* APIModels.swift in Sources */,
				AA220000000000000000000A /* MotionManager.swift in Sources */,
				AA220000000000000000000B /* APIClient.swift in Sources */,
				AA220000000000000000000C /* RecordingStore.swift in Sources */,
			);
			runOnlyForDeploymentPostprocessing = 0;
		};
/* End PBXSourcesBuildPhase section */

/* Begin XCBuildConfiguration section */
		AA7700000000000000000001 /* Debug */ = {
			isa = XCBuildConfiguration;
			buildSettings = {
				ALWAYS_SEARCH_USER_PATHS = NO;
				ASSETCATALOG_COMPILER_GENERATE_SWIFT_ASSET_SYMBOL_EXTENSIONS = YES;
				CLANG_ANALYZER_NONNULL = YES;
				CLANG_ANALYZER_NUMBER_OBJECT_CONVERSION = YES_AGGRESSIVE;
				CLANG_CXX_LANGUAGE_STANDARD = "gnu++20";
				CLANG_ENABLE_MODULES = YES;
				CLANG_ENABLE_OBJC_ARC = YES;
				CLANG_ENABLE_OBJC_WEAK = YES;
				CLANG_WARN_BLOCK_CAPTURE_AUTORELEASING = YES;
				CLANG_WARN_BOOL_CONVERSION = YES;
				CLANG_WARN_COMMA = YES;
				CLANG_WARN_CONSTANT_CONVERSION = YES;
				CLANG_WARN_DEPRECATED_OBJC_IMPLEMENTATIONS = YES;
				CLANG_WARN_DIRECT_OBJC_ISA_USAGE = YES_ERROR;
				CLANG_WARN_DOCUMENTATION_COMMENTS = YES;
				CLANG_WARN_EMPTY_BODY = YES;
				CLANG_WARN_ENUM_CONVERSION = YES;
				CLANG_WARN_INFINITE_RECURSION = YES;
				CLANG_WARN_INT_CONVERSION = YES;
				CLANG_WARN_NON_LITERAL_NULL_CONVERSION = YES;
				CLANG_WARN_OBJC_IMPLICIT_RETAIN_CYCLE = YES;
				CLANG_WARN_OBJC_LITERAL_CONVERSION = YES;
				CLANG_WARN_OBJC_ROOT_CLASS = YES_ERROR;
				CLANG_WARN_QUOTED_INCLUDE_IN_FRAMEWORK_HEADER = YES;
				CLANG_WARN_RANGE_LOOP_ANALYSIS = YES;
				CLANG_WARN_STRICT_PROTOTYPES = YES;
				CLANG_WARN_SUSPICIOUS_MOVE = YES;
				CLANG_WARN_UNGUARDED_AVAILABILITY = YES_AGGRESSIVE;
				CLANG_WARN_UNREACHABLE_CODE = YES;
				CLANG_WARN__DUPLICATE_METHOD_MATCH = YES;
				COPY_PHASE_STRIP = NO;
				DEBUG_INFORMATION_FORMAT = dwarf;
				ENABLE_STRICT_OBJC_MSGSEND = YES;
				ENABLE_TESTABILITY = YES;
				ENABLE_USER_SCRIPT_SANDBOXING = YES;
				GCC_C_LANGUAGE_STANDARD = gnu17;
				GCC_DYNAMIC_NO_PIC = NO;
				GCC_NO_COMMON_BLOCKS = YES;
				GCC_OPTIMIZATION_LEVEL = 0;
				GCC_PREPROCESSOR_DEFINITIONS = (
					"DEBUG=1",
					"$(inherited)",
				);
				GCC_WARN_64_TO_32_BIT_CONVERSION = YES;
				GCC_WARN_ABOUT_RETURN_TYPE = YES_ERROR;
				GCC_WARN_UNDECLARED_SELECTOR = YES;
				GCC_WARN_UNINITIALIZED_AUTOS = YES_AGGRESSIVE;
				GCC_WARN_UNUSED_FUNCTION = YES;
				GCC_WARN_UNUSED_VARIABLE = YES;
				IPHONEOS_DEPLOYMENT_TARGET = 16.0;
				MTL_ENABLE_DEBUG_INFO = INCLUDE_SOURCE;
				MTL_FAST_MATH = YES;
				ONLY_ACTIVE_ARCH = YES;
				SDKROOT = iphoneos;
				SWIFT_ACTIVE_COMPILATION_CONDITIONS = DEBUG;
				SWIFT_OPTIMIZATION_LEVEL = "-Onone";
			};
			name = Debug;
		};
		AA7700000000000000000002 /* Release */ = {
			isa = XCBuildConfiguration;
			buildSettings = {
				ALWAYS_SEARCH_USER_PATHS = NO;
				ASSETCATALOG_COMPILER_GENERATE_SWIFT_ASSET_SYMBOL_EXTENSIONS = YES;
				CLANG_ANALYZER_NONNULL = YES;
				CLANG_ANALYZER_NUMBER_OBJECT_CONVERSION = YES_AGGRESSIVE;
				CLANG_CXX_LANGUAGE_STANDARD = "gnu++20";
				CLANG_ENABLE_MODULES = YES;
				CLANG_ENABLE_OBJC_ARC = YES;
				CLANG_ENABLE_OBJC_WEAK = YES;
				CLANG_WARN_BLOCK_CAPTURE_AUTORELEASING = YES;
				CLANG_WARN_BOOL_CONVERSION = YES;
				CLANG_WARN_COMMA = YES;
				CLANG_WARN_CONSTANT_CONVERSION = YES;
				CLANG_WARN_DEPRECATED_OBJC_IMPLEMENTATIONS = YES;
				CLANG_WARN_DIRECT_OBJC_ISA_USAGE = YES_ERROR;
				CLANG_WARN_DOCUMENTATION_COMMENTS = YES;
				CLANG_WARN_EMPTY_BODY = YES;
				CLANG_WARN_ENUM_CONVERSION = YES;
				CLANG_WARN_INFINITE_RECURSION = YES;
				CLANG_WARN_INT_CONVERSION = YES;
				CLANG_WARN_NON_LITERAL_NULL_CONVERSION = YES;
				CLANG_WARN_OBJC_IMPLICIT_RETAIN_CYCLE = YES;
				CLANG_WARN_OBJC_LITERAL_CONVERSION = YES;
				CLANG_WARN_OBJC_ROOT_CLASS = YES_ERROR;
				CLANG_WARN_QUOTED_INCLUDE_IN_FRAMEWORK_HEADER = YES;
				CLANG_WARN_RANGE_LOOP_ANALYSIS = YES;
				CLANG_WARN_STRICT_PROTOTYPES = YES;
				CLANG_WARN_SUSPICIOUS_MOVE = YES;
				CLANG_WARN_UNGUARDED_AVAILABILITY = YES_AGGRESSIVE;
				CLANG_WARN_UNREACHABLE_CODE = YES;
				CLANG_WARN__DUPLICATE_METHOD_MATCH = YES;
				COPY_PHASE_STRIP = NO;
				DEBUG_INFORMATION_FORMAT = "dwarf-with-dsym";
				ENABLE_NS_ASSERTIONS = NO;
				ENABLE_STRICT_OBJC_MSGSEND = YES;
				ENABLE_USER_SCRIPT_SANDBOXING = YES;
				GCC_C_LANGUAGE_STANDARD = gnu17;
				GCC_NO_COMMON_BLOCKS = YES;
				GCC_WARN_64_TO_32_BIT_CONVERSION = YES;
				GCC_WARN_ABOUT_RETURN_TYPE = YES_ERROR;
				GCC_WARN_UNDECLARED_SELECTOR = YES;
				GCC_WARN_UNINITIALIZED_AUTOS = YES_AGGRESSIVE;
				GCC_WARN_UNUSED_FUNCTION = YES;
				GCC_WARN_UNUSED_VARIABLE = YES;
				IPHONEOS_DEPLOYMENT_TARGET = 16.0;
				MTL_FAST_MATH = YES;
				SDKROOT = iphoneos;
				SWIFT_COMPILATION_MODE = wholemodule;
				SWIFT_OPTIMIZATION_LEVEL = "-O";
				VALIDATE_PRODUCT = YES;
			};
			name = Release;
		};
		AA7700000000000000000003 /* Debug */ = {
			isa = XCBuildConfiguration;
			buildSettings = {
				ASSETCATALOG_COMPILER_APPICON_NAME = AppIcon;
				ASSETCATALOG_COMPILER_GLOBAL_ACCENT_COLOR_NAME = AccentColor;
				CODE_SIGN_STYLE = Automatic;
				CURRENT_PROJECT_VERSION = 1;
				DEVELOPMENT_ASSET_PATHS = "";
				ENABLE_PREVIEWS = YES;
				GENERATE_INFOPLIST_FILE = NO;
				INFOPLIST_FILE = EquiSenseLiteRecorder/Info.plist;
				IPHONEOS_DEPLOYMENT_TARGET = 16.0;
				LD_RUNPATH_SEARCH_PATHS = (
					"$(inherited)",
					"@executable_path/Frameworks",
				);
				MARKETING_VERSION = 1.0;
				PRODUCT_BUNDLE_IDENTIFIER = "com.equisense.lite.recorder";
				PRODUCT_NAME = "$(TARGET_NAME)";
				SWIFT_EMIT_LOC_STRINGS = YES;
				SWIFT_VERSION = 5.0;
				TARGETED_DEVICE_FAMILY = 1;
			};
			name = Debug;
		};
		AA7700000000000000000004 /* Release */ = {
			isa = XCBuildConfiguration;
			buildSettings = {
				ASSETCATALOG_COMPILER_APPICON_NAME = AppIcon;
				ASSETCATALOG_COMPILER_GLOBAL_ACCENT_COLOR_NAME = AccentColor;
				CODE_SIGN_STYLE = Automatic;
				CURRENT_PROJECT_VERSION = 1;
				DEVELOPMENT_ASSET_PATHS = "";
				ENABLE_PREVIEWS = YES;
				GENERATE_INFOPLIST_FILE = NO;
				INFOPLIST_FILE = EquiSenseLiteRecorder/Info.plist;
				IPHONEOS_DEPLOYMENT_TARGET = 16.0;
				LD_RUNPATH_SEARCH_PATHS = (
					"$(inherited)",
					"@executable_path/Frameworks",
				);
				MARKETING_VERSION = 1.0;
				PRODUCT_BUNDLE_IDENTIFIER = "com.equisense.lite.recorder";
				PRODUCT_NAME = "$(TARGET_NAME)";
				SWIFT_EMIT_LOC_STRINGS = YES;
				SWIFT_VERSION = 5.0;
				TARGETED_DEVICE_FAMILY = 1;
			};
			name = Release;
		};
/* End XCBuildConfiguration section */

/* Begin XCConfigurationList section */
		AA8800000000000000000001 /* Build configuration list for PBXProject "EquiSenseLiteRecorder" */ = {
			isa = XCConfigurationList;
			buildConfigurations = (
				AA7700000000000000000001 /* Debug */,
				AA7700000000000000000002 /* Release */,
			);
			defaultConfigurationIsVisible = 0;
			defaultConfigurationName = Release;
		};
		AA8800000000000000000002 /* Build configuration list for PBXNativeTarget "EquiSenseLiteRecorder" */ = {
			isa = XCConfigurationList;
			buildConfigurations = (
				AA7700000000000000000003 /* Debug */,
				AA7700000000000000000004 /* Release */,
			);
			defaultConfigurationIsVisible = 0;
			defaultConfigurationName = Release;
		};
/* End XCConfigurationList section */

	};
	rootObject = AA5500000000000000000001 /* Project object */;
}
